Microsoft Visual Studio Solution File, Format Version 12.00
# Visual Studio Version 17
VisualStudioVersion = 17.9.34728.123
MinimumVisualStudioVersion = 10.0.40219.1
Project("{9A19103F-16F7-4668-BE54-9A1E7A4F7556}") = "Holo", "Holo\Holo.csproj", "{B2402084-D713-410E-AD73-2D6CAABF32EC}"
EndProject
Project("{9A19103F-16F7-4668-BE54-9A1E7A4F7556}") = "Overlay.NET", "Overlay.NET\Overlay.NET.csproj", "{556F5776-5335-459E-B911-409B2BC7B7D9}"
EndProject
Global
	GlobalSection(SolutionConfigurationPlatforms) = preSolution
		Debug|Any CPU = Debug|Any CPU
		Release|Any CPU = Release|Any CPU
	EndGlobalSection
	GlobalSection(ProjectConfigurationPlatforms) = postSolution
		{B2402084-D713-410E-AD73-2D6CAABF32EC}.Debug|Any CPU.ActiveCfg = Debug|Any CPU
		{B2402084-D713-410E-AD73-2D6CAABF32EC}.Debug|Any CPU.Build.0 = Debug|Any CPU
		{B2402084-D713-410E-AD73-2D6CAABF32EC}.Release|Any CPU.ActiveCfg = Release|Any CPU
		{B2402084-D713-410E-AD73-2D6CAABF32EC}.Release|Any CPU.Build.0 = Release|Any CPU
		{556F5776-5335-459E-B911-409B2BC7B7D9}.Debug|Any CPU.ActiveCfg = Debug|Any CPU
		{556F5776-5335-459E-B911-409B2BC7B7D9}.Debug|Any CPU.Build.0 = Debug|Any CPU
		{556F5776-5335-459E-B911-409B2BC7B7D9}.Release|Any CPU.ActiveCfg = Release|Any CPU
		{556F5776-5335-459E-B911-409B2BC7B7D9}.Release|Any CPU.Build.0 = Release|Any CPU
	EndGlobalSection
	GlobalSection(SolutionProperties) = preSolution
		HideSolutionNode = FALSE
	EndGlobalSection
EndGlobal
